
Microsoft Visual Studio Solution File, Format Version 12.00
Project("{2150E333-8FDC-42A3-9474-1A3956D46DE8}") = "src", "src", "{827E0CD3-B72D-47B6-A68D-7590B98EB39B}"
EndProject
Project("{FAE04EC0-301F-11D3-BF4B-00C04F79EFBC}") = "lucidRESUME.Core", "src\lucidRESUME.Core\lucidRESUME.Core.csproj", "{CA652900-A686-47BF-BDC7-3FC1D61BA821}"
EndProject
Project("{FAE04EC0-301F-11D3-BF4B-00C04F79EFBC}") = "lucidRESUME.Ingestion", "src\lucidRESUME.Ingestion\lucidRESUME.Ingestion.csproj", "{EA9B2B48-890B-4BBF-A3AB-A52A9D96C068}"
EndProject
Project("{FAE04EC0-301F-11D3-BF4B-00C04F79EFBC}") = "lucidRESUME.Extraction", "src\lucidRESUME.Extraction\lucidRESUME.Extraction.csproj", "{273E13AD-DC94-4065-8C80-DD407A6FD3B3}"
EndProject
Project("{FAE04EC0-301F-11D3-BF4B-00C04F79EFBC}") = "lucidRESUME.JobSpec", "src\lucidRESUME.JobSpec\lucidRESUME.JobSpec.csproj", "{32E34D41-4FBB-464C-9FAB-E5C4FF09B886}"
EndProject
Project("{FAE04EC0-301F-11D3-BF4B-00C04F79EFBC}") = "lucidRESUME.JobSearch", "src\lucidRESUME.JobSearch\lucidRESUME.JobSearch.csproj", "{F2BEAA0A-3C07-49AF-A3D7-8DF662722B9F}"
EndProject
Project("{FAE04EC0-301F-11D3-BF4B-00C04F79EFBC}") = "lucidRESUME.Matching", "src\lucidRESUME.Matching\lucidRESUME.Matching.csproj", "{223051B5-A40E-4DD7-B1CF-07DAA768CAC8}"
EndProject
Project("{FAE04EC0-301F-11D3-BF4B-00C04F79EFBC}") = "lucidRESUME.AI", "src\lucidRESUME.AI\lucidRESUME.AI.csproj", "{A9CA4268-0CD8-4D58-8663-892CBB31E474}"
EndProject
Project("{FAE04EC0-301F-11D3-BF4B-00C04F79EFBC}") = "lucidRESUME.Export", "src\lucidRESUME.Export\lucidRESUME.Export.csproj", "{F8586173-3799-4F90-9C4B-98D1F383937D}"
EndProject
Project("{FAE04EC0-301F-11D3-BF4B-00C04F79EFBC}") = "lucidRESUME", "src\lucidRESUME\lucidRESUME.csproj", "{94351717-6B86-4921-AF54-677CB388F4BA}"
EndProject
Project("{2150E333-8FDC-42A3-9474-1A3956D46DE8}") = "tests", "tests", "{0AB3BF05-4346-4AA6-1389-037BE0695223}"
EndProject
Project("{FAE04EC0-301F-11D3-BF4B-00C04F79EFBC}") = "lucidRESUME.Core.Tests", "tests\lucidRESUME.Core.Tests\lucidRESUME.Core.Tests.csproj", "{F65CB879-EE07-4886-9F7B-F7A8853FFCF0}"
EndProject
Project("{FAE04EC0-301F-11D3-BF4B-00C04F79EFBC}") = "lucidRESUME.Extraction.Tests", "tests\lucidRESUME.Extraction.Tests\lucidRESUME.Extraction.Tests.csproj", "{A5D087AE-20AB-4960-B242-8648F2F6541E}"
EndProject
Project("{FAE04EC0-301F-11D3-BF4B-00C04F79EFBC}") = "lucidRESUME.JobSpec.Tests", "tests\lucidRESUME.JobSpec.Tests\lucidRESUME.JobSpec.Tests.csproj", "{7289D404-D67C-4806-9D9B-BDEEA320EBA4}"
EndProject
Project("{FAE04EC0-301F-11D3-BF4B-00C04F79EFBC}") = "lucidRESUME.Matching.Tests", "tests\lucidRESUME.Matching.Tests\lucidRESUME.Matching.Tests.csproj", "{B7170169-C48E-47B2-BAB3-63D5A85CAC57}"
EndProject
Project("{FAE04EC0-301F-11D3-BF4B-00C04F79EFBC}") = "lucidRESUME.Processing", "src\lucidRESUME.Processing\lucidRESUME.Processing.csproj", "{18AFDC52-3EFD-47CC-80AC-F53D5957C7A7}"
EndProject
Project("{FAE04EC0-301F-11D3-BF4B-00C04F79EFBC}") = "lucidRESUME.Cli", "src\lucidRESUME.Cli\lucidRESUME.Cli.csproj", "{A5612825-A675-47CC-A702-178FB5721921}"
EndProject
Project("{FAE04EC0-301F-11D3-BF4B-00C04F79EFBC}") = "lucidRESUME.Parsing", "src\lucidRESUME.Parsing\lucidRESUME.Parsing.csproj", "{2921B51A-D5EB-404E-B60C-F30E92122FA0}"
EndProject
Project("{FAE04EC0-301F-11D3-BF4B-00C04F79EFBC}") = "lucidRESUME.Collabora", "src\lucidRESUME.Collabora\lucidRESUME.Collabora.csproj", "{B0753ABC-74DB-4542-B276-DC461768AE64}"
EndProject
Project("{FAE04EC0-301F-11D3-BF4B-00C04F79EFBC}") = "lucidRESUME.UXTesting", "src\lucidRESUME.UXTesting\lucidRESUME.UXTesting.csproj", "{09B6DC5C-FC6B-4824-B2F7-9A6F9479ABD8}"
EndProject
Project("{FAE04EC0-301F-11D3-BF4B-00C04F79EFBC}") = "lucidRESUME.AI.Tests", "tests\lucidRESUME.AI.Tests\lucidRESUME.AI.Tests.csproj", "{B4D27C56-F171-4DF6-88EA-B9C79AB59B24}"
EndProject
Project("{FAE04EC0-301F-11D3-BF4B-00C04F79EFBC}") = "Mostlylucid.Avalonia.UITesting", "src\Mostlylucid.Avalonia.UITesting\Mostlylucid.Avalonia.UITesting.csproj", "{C198B553-6302-4EA7-B8DA-B2DEEAE17748}"
EndProject
Project("{FAE04EC0-301F-11D3-BF4B-00C04F79EFBC}") = "lucidRESUME.EmailTracker", "src\lucidRESUME.EmailTracker\lucidRESUME.EmailTracker.csproj", "{A4F0EBD6-7ADE-423E-BD4C-4A5F5A9A105F}"
EndProject
Project("{FAE04EC0-301F-11D3-BF4B-00C04F79EFBC}") = "lucidRESUME.EmailTracker.Tests", "tests\lucidRESUME.EmailTracker.Tests\lucidRESUME.EmailTracker.Tests.csproj", "{98175319-87EE-4D60-91CC-BDD643CCF75A}"
EndProject
Project("{FAE04EC0-301F-11D3-BF4B-00C04F79EFBC}") = "lucidRESUME.GitHub", "src\lucidRESUME.GitHub\lucidRESUME.GitHub.csproj", "{74BE9B10-7F36-48DD-8824-DE752F33CA9D}"
EndProject
Global
	GlobalSection(SolutionConfigurationPlatforms) = preSolution
		Debug|Any CPU = Debug|Any CPU
		Debug|x64 = Debug|x64
		Debug|x86 = Debug|x86
		Release|Any CPU = Release|Any CPU
		Release|x64 = Release|x64
		Release|x86 = Release|x86
	EndGlobalSection
	GlobalSection(ProjectConfigurationPlatforms) = postSolution
		{CA652900-A686-47BF-BDC7-3FC1D61BA821}.Debug|Any CPU.ActiveCfg = Debug|Any CPU
		{CA652900-A686-47BF-BDC7-3FC1D61BA821}.Debug|Any CPU.Build.0 = Debug|Any CPU
		{CA652900-A686-47BF-BDC7-3FC1D61BA821}.Debug|x64.ActiveCfg = Debug|Any CPU
		{CA652900-A686-47BF-BDC7-3FC1D61BA821}.Debug|x64.Build.0 = Debug|Any CPU
		{CA652900-A686-47BF-BDC7-3FC1D61BA821}.Debug|x86.ActiveCfg = Debug|Any CPU
		{CA652900-A686-47BF-BDC7-3FC1D61BA821}.Debug|x86.Build.0 = Debug|Any CPU
		{CA652900-A686-47BF-BDC7-3FC1D61BA821}.Release|Any CPU.ActiveCfg = Release|Any CPU
		{CA652900-A686-47BF-BDC7-3FC1D61BA821}.Release|Any CPU.Build.0 = Release|Any CPU
		{CA652900-A686-47BF-BDC7-3FC1D61BA821}.Release|x64.ActiveCfg = Release|Any CPU
		{CA652900-A686-47BF-BDC7-3FC1D61BA821}.Release|x64.Build.0 = Release|Any CPU
		{CA652900-A686-47BF-BDC7-3FC1D61BA821}.Release|x86.ActiveCfg = Release|Any CPU
		{CA652900-A686-47BF-BDC7-3FC1D61BA821}.Release|x86.Build.0 = Release|Any CPU
		{EA9B2B48-890B-4BBF-A3AB-A52A9D96C068}.Debug|Any CPU.ActiveCfg = Debug|Any CPU
		{EA9B2B48-890B-4BBF-A3AB-A52A9D96C068}.Debug|Any CPU.Build.0 = Debug|Any CPU
		{EA9B2B48-890B-4BBF-A3AB-A52A9D96C068}.Debug|x64.ActiveCfg = Debug|Any CPU
		{EA9B2B48-890B-4BBF-A3AB-A52A9D96C068}.Debug|x64.Build.0 = Debug|Any CPU
		{EA9B2B48-890B-4BBF-A3AB-A52A9D96C068}.Debug|x86.ActiveCfg = Debug|Any CPU
		{EA9B2B48-890B-4BBF-A3AB-A52A9D96C068}.Debug|x86.Build.0 = Debug|Any CPU
		{EA9B2B48-890B-4BBF-A3AB-A52A9D96C068}.Release|Any CPU.ActiveCfg = Release|Any CPU
		{EA9B2B48-890B-4BBF-A3AB-A52A9D96C068}.Release|Any CPU.Build.0 = Release|Any CPU
		{EA9B2B48-890B-4BBF-A3AB-A52A9D96C068}.Release|x64.ActiveCfg = Release|Any CPU
		{EA9B2B48-890B-4BBF-A3AB-A52A9D96C068}.Release|x64.Build.0 = Release|Any CPU
		{EA9B2B48-890B-4BBF-A3AB-A52A9D96C068}.Release|x86.ActiveCfg = Release|Any CPU
		{EA9B2B48-890B-4BBF-A3AB-A52A9D96C068}.Release|x86.Build.0 = Release|Any CPU
		{273E13AD-DC94-4065-8C80-DD407A6FD3B3}.Debug|Any CPU.ActiveCfg = Debug|Any CPU
		{273E13AD-DC94-4065-8C80-DD407A6FD3B3}.Debug|Any CPU.Build.0 = Debug|Any CPU
		{273E13AD-DC94-4065-8C80-DD407A6FD3B3}.Debug|x64.ActiveCfg = Debug|Any CPU
		{273E13AD-DC94-4065-8C80-DD407A6FD3B3}.Debug|x64.Build.0 = Debug|Any CPU
		{273E13AD-DC94-4065-8C80-DD407A6FD3B3}.Debug|x86.ActiveCfg = Debug|Any CPU
		{273E13AD-DC94-4065-8C80-DD407A6FD3B3}.Debug|x86.Build.0 = Debug|Any CPU
		{273E13AD-DC94-4065-8C80-DD407A6FD3B3}.Release|Any CPU.ActiveCfg = Release|Any CPU
		{273E13AD-DC94-4065-8C80-DD407A6FD3B3}.Release|Any CPU.Build.0 = Release|Any CPU
		{273E13AD-DC94-4065-8C80-DD407A6FD3B3}.Release|x64.ActiveCfg = Release|Any CPU
		{273E13AD-DC94-4065-8C80-DD407A6FD3B3}.Release|x64.Build.0 = Release|Any CPU
		{273E13AD-DC94-4065-8C80-DD407A6FD3B3}.Release|x86.ActiveCfg = Release|Any CPU
		{273E13AD-DC94-4065-8C80-DD407A6FD3B3}.Release|x86.Build.0 = Release|Any CPU
		{32E34D41-4FBB-464C-9FAB-E5C4FF09B886}.Debug|Any CPU.ActiveCfg = Debug|Any CPU
		{32E34D41-4FBB-464C-9FAB-E5C4FF09B886}.Debug|Any CPU.Build.0 = Debug|Any CPU
		{32E34D41-4FBB-464C-9FAB-E5C4FF09B886}.Debug|x64.ActiveCfg = Debug|Any CPU
		{32E34D41-4FBB-464C-9FAB-E5C4FF09B886}.Debug|x64.Build.0 = Debug|Any CPU
		{32E34D41-4FBB-464C-9FAB-E5C4FF09B886}.Debug|x86.ActiveCfg = Debug|Any CPU
		{32E34D41-4FBB-464C-9FAB-E5C4FF09B886}.Debug|x86.Build.0 = Debug|Any CPU
		{32E34D41-4FBB-464C-9FAB-E5C4FF09B886}.Release|Any CPU.ActiveCfg = Release|Any CPU
		{32E34D41-4FBB-464C-9FAB-E5C4FF09B886}.Release|Any CPU.Build.0 = Release|Any CPU
		{32E34D41-4FBB-464C-9FAB-E5C4FF09B886}.Release|x64.ActiveCfg = Release|Any CPU
		{32E34D41-4FBB-464C-9FAB-E5C4FF09B886}.Release|x64.Build.0 = Release|Any CPU
		{32E34D41-4FBB-464C-9FAB-E5C4FF09B886}.Release|x86.ActiveCfg = Release|Any CPU
		{32E34D41-4FBB-464C-9FAB-E5C4FF09B886}.Release|x86.Build.0 = Release|Any CPU
		{F2BEAA0A-3C07-49AF-A3D7-8DF662722B9F}.Debug|Any CPU.ActiveCfg = Debug|Any CPU
		{F2BEAA0A-3C07-49AF-A3D7-8DF662722B9F}.Debug|Any CPU.Build.0 = Debug|Any CPU
		{F2BEAA0A-3C07-49AF-A3D7-8DF662722B9F}.Debug|x64.ActiveCfg = Debug|Any CPU
		{F2BEAA0A-3C07-49AF-A3D7-8DF662722B9F}.Debug|x64.Build.0 = Debug|Any CPU
		{F2BEAA0A-3C07-49AF-A3D7-8DF662722B9F}.Debug|x86.ActiveCfg = Debug|Any CPU
		{F2BEAA0A-3C07-49AF-A3D7-8DF662722B9F}.Debug|x86.Build.0 = Debug|Any CPU
		{F2BEAA0A-3C07-49AF-A3D7-8DF662722B9F}.Release|Any CPU.ActiveCfg = Release|Any CPU
		{F2BEAA0A-3C07-49AF-A3D7-8DF662722B9F}.Release|Any CPU.Build.0 = Release|Any CPU
		{F2BEAA0A-3C07-49AF-A3D7-8DF662722B9F}.Release|x64.ActiveCfg = Release|Any CPU
		{F2BEAA0A-3C07-49AF-A3D7-8DF662722B9F}.Release|x64.Build.0 = Release|Any CPU
		{F2BEAA0A-3C07-49AF-A3D7-8DF662722B9F}.Release|x86.ActiveCfg = Release|Any CPU
		{F2BEAA0A-3C07-49AF-A3D7-8DF662722B9F}.Release|x86.Build.0 = Release|Any CPU
		{223051B5-A40E-4DD7-B1CF-07DAA768CAC8}.Debug|Any CPU.ActiveCfg = Debug|Any CPU
		{223051B5-A40E-4DD7-B1CF-07DAA768CAC8}.Debug|Any CPU.Build.0 = Debug|Any CPU
		{223051B5-A40E-4DD7-B1CF-07DAA768CAC8}.Debug|x64.ActiveCfg = Debug|Any CPU
		{223051B5-A40E-4DD7-B1CF-07DAA768CAC8}.Debug|x64.Build.0 = Debug|Any CPU
		{223051B5-A40E-4DD7-B1CF-07DAA768CAC8}.Debug|x86.ActiveCfg = Debug|Any CPU
		{223051B5-A40E-4DD7-B1CF-07DAA768CAC8}.Debug|x86.Build.0 = Debug|Any CPU
		{223051B5-A40E-4DD7-B1CF-07DAA768CAC8}.Release|Any CPU.ActiveCfg = Release|Any CPU
		{223051B5-A40E-4DD7-B1CF-07DAA768CAC8}.Release|Any CPU.Build.0 = Release|Any CPU
		{223051B5-A40E-4DD7-B1CF-07DAA768CAC8}.Release|x64.ActiveCfg = Release|Any CPU
		{223051B5-A40E-4DD7-B1CF-07DAA768CAC8}.Release|x64.Build.0 = Release|Any CPU
		{223051B5-A40E-4DD7-B1CF-07DAA768CAC8}.Release|x86.ActiveCfg = Release|Any CPU
		{223051B5-A40E-4DD7-B1CF-07DAA768CAC8}.Release|x86.Build.0 = Release|Any CPU
		{A9CA4268-0CD8-4D58-8663-892CBB31E474}.Debug|Any CPU.ActiveCfg = Debug|Any CPU
		{A9CA4268-0CD8-4D58-8663-892CBB31E474}.Debug|Any CPU.Build.0 = Debug|Any CPU
		{A9CA4268-0CD8-4D58-8663-892CBB31E474}.Debug|x64.ActiveCfg = Debug|Any CPU
		{A9CA4268-0CD8-4D58-8663-892CBB31E474}.Debug|x64.Build.0 = Debug|Any CPU
		{A9CA4268-0CD8-4D58-8663-892CBB31E474}.Debug|x86.ActiveCfg = Debug|Any CPU
		{A9CA4268-0CD8-4D58-8663-892CBB31E474}.Debug|x86.Build.0 = Debug|Any CPU
		{A9CA4268-0CD8-4D58-8663-892CBB31E474}.Release|Any CPU.ActiveCfg = Release|Any CPU
		{A9CA4268-0CD8-4D58-8663-892CBB31E474}.Release|Any CPU.Build.0 = Release|Any CPU
		{A9CA4268-0CD8-4D58-8663-892CBB31E474}.Release|x64.ActiveCfg = Release|Any CPU
		{A9CA4268-0CD8-4D58-8663-892CBB31E474}.Release|x64.Build.0 = Release|Any CPU
		{A9CA4268-0CD8-4D58-8663-892CBB31E474}.Release|x86.ActiveCfg = Release|Any CPU
		{A9CA4268-0CD8-4D58-8663-892CBB31E474}.Release|x86.Build.0 = Release|Any CPU
		{F8586173-3799-4F90-9C4B-98D1F383937D}.Debug|Any CPU.ActiveCfg = Debug|Any CPU
		{F8586173-3799-4F90-9C4B-98D1F383937D}.Debug|Any CPU.Build.0 = Debug|Any CPU
		{F8586173-3799-4F90-9C4B-98D1F383937D}.Debug|x64.ActiveCfg = Debug|Any CPU
		{F8586173-3799-4F90-9C4B-98D1F383937D}.Debug|x64.Build.0 = Debug|Any CPU
		{F8586173-3799-4F90-9C4B-98D1F383937D}.Debug|x86.ActiveCfg = Debug|Any CPU
		{F8586173-3799-4F90-9C4B-98D1F383937D}.Debug|x86.Build.0 = Debug|Any CPU
		{F8586173-3799-4F90-9C4B-98D1F383937D}.Release|Any CPU.ActiveCfg = Release|Any CPU
		{F8586173-3799-4F90-9C4B-98D1F383937D}.Release|Any CPU.Build.0 = Release|Any CPU
		{F8586173-3799-4F90-9C4B-98D1F383937D}.Release|x64.ActiveCfg = Release|Any CPU
		{F8586173-3799-4F90-9C4B-98D1F383937D}.Release|x64.Build.0 = Release|Any CPU
		{F8586173-3799-4F90-9C4B-98D1F383937D}.Release|x86.ActiveCfg = Release|Any CPU
		{F8586173-3799-4F90-9C4B-98D1F383937D}.Release|x86.Build.0 = Release|Any CPU
		{94351717-6B86-4921-AF54-677CB388F4BA}.Debug|Any CPU.ActiveCfg = Debug|Any CPU
		{94351717-6B86-4921-AF54-677CB388F4BA}.Debug|Any CPU.Build.0 = Debug|Any CPU
		{94351717-6B86-4921-AF54-677CB388F4BA}.Debug|x64.ActiveCfg = Debug|Any CPU
		{94351717-6B86-4921-AF54-677CB388F4BA}.Debug|x64.Build.0 = Debug|Any CPU
		{94351717-6B86-4921-AF54-677CB388F4BA}.Debug|x86.ActiveCfg = Debug|Any CPU
		{94351717-6B86-4921-AF54-677CB388F4BA}.Debug|x86.Build.0 = Debug|Any CPU
		{94351717-6B86-4921-AF54-677CB388F4BA}.Release|Any CPU.ActiveCfg = Release|Any CPU
		{94351717-6B86-4921-AF54-677CB388F4BA}.Release|Any CPU.Build.0 = Release|Any CPU
		{94351717-6B86-4921-AF54-677CB388F4BA}.Release|x64.ActiveCfg = Release|Any CPU
		{94351717-6B86-4921-AF54-677CB388F4BA}.Release|x64.Build.0 = Release|Any CPU
		{94351717-6B86-4921-AF54-677CB388F4BA}.Release|x86.ActiveCfg = Release|Any CPU
		{94351717-6B86-4921-AF54-677CB388F4BA}.Release|x86.Build.0 = Release|Any CPU
		{F65CB879-EE07-4886-9F7B-F7A8853FFCF0}.Debug|Any CPU.ActiveCfg = Debug|Any CPU
		{F65CB879-EE07-4886-9F7B-F7A8853FFCF0}.Debug|Any CPU.Build.0 = Debug|Any CPU
		{F65CB879-EE07-4886-9F7B-F7A8853FFCF0}.Debug|x64.ActiveCfg = Debug|Any CPU
		{F65CB879-EE07-4886-9F7B-F7A8853FFCF0}.Debug|x64.Build.0 = Debug|Any CPU
		{F65CB879-EE07-4886-9F7B-F7A8853FFCF0}.Debug|x86.ActiveCfg = Debug|Any CPU
		{F65CB879-EE07-4886-9F7B-F7A8853FFCF0}.Debug|x86.Build.0 = Debug|Any CPU
		{F65CB879-EE07-4886-9F7B-F7A8853FFCF0}.Release|Any CPU.ActiveCfg = Release|Any CPU
		{F65CB879-EE07-4886-9F7B-F7A8853FFCF0}.Release|Any CPU.Build.0 = Release|Any CPU
		{F65CB879-EE07-4886-9F7B-F7A8853FFCF0}.Release|x64.ActiveCfg = Release|Any CPU
		{F65CB879-EE07-4886-9F7B-F7A8853FFCF0}.Release|x64.Build.0 = Release|Any CPU
		{F65CB879-EE07-4886-9F7B-F7A8853FFCF0}.Release|x86.ActiveCfg = Release|Any CPU
		{F65CB879-EE07-4886-9F7B-F7A8853FFCF0}.Release|x86.Build.0 = Release|Any CPU
		{A5D087AE-20AB-4960-B242-8648F2F6541E}.Debug|Any CPU.ActiveCfg = Debug|Any CPU
		{A5D087AE-20AB-4960-B242-8648F2F6541E}.Debug|Any CPU.Build.0 = Debug|Any CPU
		{A5D087AE-20AB-4960-B242-8648F2F6541E}.Debug|x64.ActiveCfg = Debug|Any CPU
		{A5D087AE-20AB-4960-B242-8648F2F6541E}.Debug|x64.Build.0 = Debug|Any CPU
		{A5D087AE-20AB-4960-B242-8648F2F6541E}.Debug|x86.ActiveCfg = Debug|Any CPU
		{A5D087AE-20AB-4960-B242-8648F2F6541E}.Debug|x86.Build.0 = Debug|Any CPU
		{A5D087AE-20AB-4960-B242-8648F2F6541E}.Release|Any CPU.ActiveCfg = Release|Any CPU
		{A5D087AE-20AB-4960-B242-8648F2F6541E}.Release|Any CPU.Build.0 = Release|Any CPU
		{A5D087AE-20AB-4960-B242-8648F2F6541E}.Release|x64.ActiveCfg = Release|Any CPU
		{A5D087AE-20AB-4960-B242-8648F2F6541E}.Release|x64.Build.0 = Release|Any CPU
		{A5D087AE-20AB-4960-B242-8648F2F6541E}.Release|x86.ActiveCfg = Release|Any CPU
		{A5D087AE-20AB-4960-B242-8648F2F6541E}.Release|x86.Build.0 = Release|Any CPU
		{7289D404-D67C-4806-9D9B-BDEEA320EBA4}.Debug|Any CPU.ActiveCfg = Debug|Any CPU
		{7289D404-D67C-4806-9D9B-BDEEA320EBA4}.Debug|Any CPU.Build.0 = Debug|Any CPU
		{7289D404-D67C-4806-9D9B-BDEEA320EBA4}.Debug|x64.ActiveCfg = Debug|Any CPU
		{7289D404-D67C-4806-9D9B-BDEEA320EBA4}.Debug|x64.Build.0 = Debug|Any CPU
		{7289D404-D67C-4806-9D9B-BDEEA320EBA4}.Debug|x86.ActiveCfg = Debug|Any CPU
		{7289D404-D67C-4806-9D9B-BDEEA320EBA4}.Debug|x86.Build.0 = Debug|Any CPU
		{7289D404-D67C-4806-9D9B-BDEEA320EBA4}.Release|Any CPU.ActiveCfg = Release|Any CPU
		{7289D404-D67C-4806-9D9B-BDEEA320EBA4}.Release|Any CPU.Build.0 = Release|Any CPU
		{7289D404-D67C-4806-9D9B-BDEEA320EBA4}.Release|x64.ActiveCfg = Release|Any CPU
		{7289D404-D67C-4806-9D9B-BDEEA320EBA4}.Release|x64.Build.0 = Release|Any CPU
		{7289D404-D67C-4806-9D9B-BDEEA320EBA4}.Release|x86.ActiveCfg = Release|Any CPU
		{7289D404-D67C-4806-9D9B-BDEEA320EBA4}.Release|x86.Build.0 = Release|Any CPU
		{B7170169-C48E-47B2-BAB3-63D5A85CAC57}.Debug|Any CPU.ActiveCfg = Debug|Any CPU
		{B7170169-C48E-47B2-BAB3-63D5A85CAC57}.Debug|Any CPU.Build.0 = Debug|Any CPU
		{B7170169-C48E-47B2-BAB3-63D5A85CAC57}.Debug|x64.ActiveCfg = Debug|Any CPU
		{B7170169-C48E-47B2-BAB3-63D5A85CAC57}.Debug|x64.Build.0 = Debug|Any CPU
		{B7170169-C48E-47B2-BAB3-63D5A85CAC57}.Debug|x86.ActiveCfg = Debug|Any CPU
		{B7170169-C48E-47B2-BAB3-63D5A85CAC57}.Debug|x86.Build.0 = Debug|Any CPU
		{B7170169-C48E-47B2-BAB3-63D5A85CAC57}.Release|Any CPU.ActiveCfg = Release|Any CPU
		{B7170169-C48E-47B2-BAB3-63D5A85CAC57}.Release|Any CPU.Build.0 = Release|Any CPU
		{B7170169-C48E-47B2-BAB3-63D5A85CAC57}.Release|x64.ActiveCfg = Release|Any CPU
		{B7170169-C48E-47B2-BAB3-63D5A85CAC57}.Release|x64.Build.0 = Release|Any CPU
		{B7170169-C48E-47B2-BAB3-63D5A85CAC57}.Release|x86.ActiveCfg = Release|Any CPU
		{B7170169-C48E-47B2-BAB3-63D5A85CAC57}.Release|x86.Build.0 = Release|Any CPU
		{18AFDC52-3EFD-47CC-80AC-F53D5957C7A7}.Debug|Any CPU.ActiveCfg = Debug|Any CPU
		{18AFDC52-3EFD-47CC-80AC-F53D5957C7A7}.Debug|Any CPU.Build.0 = Debug|Any CPU
		{18AFDC52-3EFD-47CC-80AC-F53D5957C7A7}.Debug|x64.ActiveCfg = Debug|Any CPU
		{18AFDC52-3EFD-47CC-80AC-F53D5957C7A7}.Debug|x64.Build.0 = Debug|Any CPU
		{18AFDC52-3EFD-47CC-80AC-F53D5957C7A7}.Debug|x86.ActiveCfg = Debug|Any CPU
		{18AFDC52-3EFD-47CC-80AC-F53D5957C7A7}.Debug|x86.Build.0 = Debug|Any CPU
		{18AFDC52-3EFD-47CC-80AC-F53D5957C7A7}.Release|Any CPU.ActiveCfg = Release|Any CPU
		{18AFDC52-3EFD-47CC-80AC-F53D5957C7A7}.Release|Any CPU.Build.0 = Release|Any CPU
		{18AFDC52-3EFD-47CC-80AC-F53D5957C7A7}.Release|x64.ActiveCfg = Release|Any CPU
		{18AFDC52-3EFD-47CC-80AC-F53D5957C7A7}.Release|x64.Build.0 = Release|Any CPU
		{18AFDC52-3EFD-47CC-80AC-F53D5957C7A7}.Release|x86.ActiveCfg = Release|Any CPU
		{18AFDC52-3EFD-47CC-80AC-F53D5957C7A7}.Release|x86.Build.0 = Release|Any CPU
		{A5612825-A675-47CC-A702-178FB5721921}.Debug|Any CPU.ActiveCfg = Debug|Any CPU
		{A5612825-A675-47CC-A702-178FB5721921}.Debug|Any CPU.Build.0 = Debug|Any CPU
		{A5612825-A675-47CC-A702-178FB5721921}.Debug|x64.ActiveCfg = Debug|Any CPU
		{A5612825-A675-47CC-A702-178FB5721921}.Debug|x64.Build.0 = Debug|Any CPU
		{A5612825-A675-47CC-A702-178FB5721921}.Debug|x86.ActiveCfg = Debug|Any CPU
		{A5612825-A675-47CC-A702-178FB5721921}.Debug|x86.Build.0 = Debug|Any CPU
		{A5612825-A675-47CC-A702-178FB5721921}.Release|Any CPU.ActiveCfg = Release|Any CPU
		{A5612825-A675-47CC-A702-178FB5721921}.Release|Any CPU.Build.0 = Release|Any CPU
		{A5612825-A675-47CC-A702-178FB5721921}.Release|x64.ActiveCfg = Release|Any CPU
		{A5612825-A675-47CC-A702-178FB5721921}.Release|x64.Build.0 = Release|Any CPU
		{A5612825-A675-47CC-A702-178FB5721921}.Release|x86.ActiveCfg = Release|Any CPU
		{A5612825-A675-47CC-A702-178FB5721921}.Release|x86.Build.0 = Release|Any CPU
		{2921B51A-D5EB-404E-B60C-F30E92122FA0}.Debug|Any CPU.ActiveCfg = Debug|Any CPU
		{2921B51A-D5EB-404E-B60C-F30E92122FA0}.Debug|Any CPU.Build.0 = Debug|Any CPU
		{2921B51A-D5EB-404E-B60C-F30E92122FA0}.Debug|x64.ActiveCfg = Debug|Any CPU
		{2921B51A-D5EB-404E-B60C-F30E92122FA0}.Debug|x64.Build.0 = Debug|Any CPU
		{2921B51A-D5EB-404E-B60C-F30E92122FA0}.Debug|x86.ActiveCfg = Debug|Any CPU
		{2921B51A-D5EB-404E-B60C-F30E92122FA0}.Debug|x86.Build.0 = Debug|Any CPU
		{2921B51A-D5EB-404E-B60C-F30E92122FA0}.Release|Any CPU.ActiveCfg = Release|Any CPU
		{2921B51A-D5EB-404E-B60C-F30E92122FA0}.Release|Any CPU.Build.0 = Release|Any CPU
		{2921B51A-D5EB-404E-B60C-F30E92122FA0}.Release|x64.ActiveCfg = Release|Any CPU
		{2921B51A-D5EB-404E-B60C-F30E92122FA0}.Release|x64.Build.0 = Release|Any CPU
		{2921B51A-D5EB-404E-B60C-F30E92122FA0}.Release|x86.ActiveCfg = Release|Any CPU
		{2921B51A-D5EB-404E-B60C-F30E92122FA0}.Release|x86.Build.0 = Release|Any CPU
		{B0753ABC-74DB-4542-B276-DC461768AE64}.Debug|Any CPU.ActiveCfg = Debug|Any CPU
		{B0753ABC-74DB-4542-B276-DC461768AE64}.Debug|Any CPU.Build.0 = Debug|Any CPU
		{B0753ABC-74DB-4542-B276-DC461768AE64}.Debug|x64.ActiveCfg = Debug|Any CPU
		{B0753ABC-74DB-4542-B276-DC461768AE64}.Debug|x64.Build.0 = Debug|Any CPU
		{B0753ABC-74DB-4542-B276-DC461768AE64}.Debug|x86.ActiveCfg = Debug|Any CPU
		{B0753ABC-74DB-4542-B276-DC461768AE64}.Debug|x86.Build.0 = Debug|Any CPU
		{B0753ABC-74DB-4542-B276-DC461768AE64}.Release|Any CPU.ActiveCfg = Release|Any CPU
		{B0753ABC-74DB-4542-B276-DC461768AE64}.Release|Any CPU.Build.0 = Release|Any CPU
		{B0753ABC-74DB-4542-B276-DC461768AE64}.Release|x64.ActiveCfg = Release|Any CPU
		{B0753ABC-74DB-4542-B276-DC461768AE64}.Release|x64.Build.0 = Release|Any CPU
		{B0753ABC-74DB-4542-B276-DC461768AE64}.Release|x86.ActiveCfg = Release|Any CPU
		{B0753ABC-74DB-4542-B276-DC461768AE64}.Release|x86.Build.0 = Release|Any CPU
		{09B6DC5C-FC6B-4824-B2F7-9A6F9479ABD8}.Debug|Any CPU.ActiveCfg = Debug|Any CPU
		{09B6DC5C-FC6B-4824-B2F7-9A6F9479ABD8}.Debug|Any CPU.Build.0 = Debug|Any CPU
		{09B6DC5C-FC6B-4824-B2F7-9A6F9479ABD8}.Debug|x64.ActiveCfg = Debug|Any CPU
		{09B6DC5C-FC6B-4824-B2F7-9A6F9479ABD8}.Debug|x64.Build.0 = Debug|Any CPU
		{09B6DC5C-FC6B-4824-B2F7-9A6F9479ABD8}.Debug|x86.ActiveCfg = Debug|Any CPU
		{09B6DC5C-FC6B-4824-B2F7-9A6F9479ABD8}.Debug|x86.Build.0 = Debug|Any CPU
		{09B6DC5C-FC6B-4824-B2F7-9A6F9479ABD8}.Release|Any CPU.ActiveCfg = Release|Any CPU
		{09B6DC5C-FC6B-4824-B2F7-9A6F9479ABD8}.Release|Any CPU.Build.0 = Release|Any CPU
		{09B6DC5C-FC6B-4824-B2F7-9A6F9479ABD8}.Release|x64.ActiveCfg = Release|Any CPU
		{09B6DC5C-FC6B-4824-B2F7-9A6F9479ABD8}.Release|x64.Build.0 = Release|Any CPU
		{09B6DC5C-FC6B-4824-B2F7-9A6F9479ABD8}.Release|x86.ActiveCfg = Release|Any CPU
		{09B6DC5C-FC6B-4824-B2F7-9A6F9479ABD8}.Release|x86.Build.0 = Release|Any CPU
		{B4D27C56-F171-4DF6-88EA-B9C79AB59B24}.Debug|Any CPU.ActiveCfg = Debug|Any CPU
		{B4D27C56-F171-4DF6-88EA-B9C79AB59B24}.Debug|Any CPU.Build.0 = Debug|Any CPU
		{B4D27C56-F171-4DF6-88EA-B9C79AB59B24}.Debug|x64.ActiveCfg = Debug|Any CPU
		{B4D27C56-F171-4DF6-88EA-B9C79AB59B24}.Debug|x64.Build.0 = Debug|Any CPU
		{B4D27C56-F171-4DF6-88EA-B9C79AB59B24}.Debug|x86.ActiveCfg = Debug|Any CPU
		{B4D27C56-F171-4DF6-88EA-B9C79AB59B24}.Debug|x86.Build.0 = Debug|Any CPU
		{B4D27C56-F171-4DF6-88EA-B9C79AB59B24}.Release|Any CPU.ActiveCfg = Release|Any CPU
		{B4D27C56-F171-4DF6-88EA-B9C79AB59B24}.Release|Any CPU.Build.0 = Release|Any CPU
		{B4D27C56-F171-4DF6-88EA-B9C79AB59B24}.Release|x64.ActiveCfg = Release|Any CPU
		{B4D27C56-F171-4DF6-88EA-B9C79AB59B24}.Release|x64.Build.0 = Release|Any CPU
		{B4D27C56-F171-4DF6-88EA-B9C79AB59B24}.Release|x86.ActiveCfg = Release|Any CPU
		{B4D27C56-F171-4DF6-88EA-B9C79AB59B24}.Release|x86.Build.0 = Release|Any CPU
		{C198B553-6302-4EA7-B8DA-B2DEEAE17748}.Debug|Any CPU.ActiveCfg = Debug|Any CPU
		{C198B553-6302-4EA7-B8DA-B2DEEAE17748}.Debug|Any CPU.Build.0 = Debug|Any CPU
		{C198B553-6302-4EA7-B8DA-B2DEEAE17748}.Debug|x64.ActiveCfg = Debug|Any CPU
		{C198B553-6302-4EA7-B8DA-B2DEEAE17748}.Debug|x64.Build.0 = Debug|Any CPU
		{C198B553-6302-4EA7-B8DA-B2DEEAE17748}.Debug|x86.ActiveCfg = Debug|Any CPU
		{C198B553-6302-4EA7-B8DA-B2DEEAE17748}.Debug|x86.Build.0 = Debug|Any CPU
		{C198B553-6302-4EA7-B8DA-B2DEEAE17748}.Release|Any CPU.ActiveCfg = Release|Any CPU
		{C198B553-6302-4EA7-B8DA-B2DEEAE17748}.Release|Any CPU.Build.0 = Release|Any CPU
		{C198B553-6302-4EA7-B8DA-B2DEEAE17748}.Release|x64.ActiveCfg = Release|Any CPU
		{C198B553-6302-4EA7-B8DA-B2DEEAE17748}.Release|x64.Build.0 = Release|Any CPU
		{C198B553-6302-4EA7-B8DA-B2DEEAE17748}.Release|x86.ActiveCfg = Release|Any CPU
		{C198B553-6302-4EA7-B8DA-B2DEEAE17748}.Release|x86.Build.0 = Release|Any CPU
		{A4F0EBD6-7ADE-423E-BD4C-4A5F5A9A105F}.Debug|Any CPU.ActiveCfg = Debug|Any CPU
		{A4F0EBD6-7ADE-423E-BD4C-4A5F5A9A105F}.Debug|Any CPU.Build.0 = Debug|Any CPU
		{A4F0EBD6-7ADE-423E-BD4C-4A5F5A9A105F}.Debug|x64.ActiveCfg = Debug|Any CPU
		{A4F0EBD6-7ADE-423E-BD4C-4A5F5A9A105F}.Debug|x64.Build.0 = Debug|Any CPU
		{A4F0EBD6-7ADE-423E-BD4C-4A5F5A9A105F}.Debug|x86.ActiveCfg = Debug|Any CPU
		{A4F0EBD6-7ADE-423E-BD4C-4A5F5A9A105F}.Debug|x86.Build.0 = Debug|Any CPU
		{A4F0EBD6-7ADE-423E-BD4C-4A5F5A9A105F}.Release|Any CPU.ActiveCfg = Release|Any CPU
		{A4F0EBD6-7ADE-423E-BD4C-4A5F5A9A105F}.Release|Any CPU.Build.0 = Release|Any CPU
		{A4F0EBD6-7ADE-423E-BD4C-4A5F5A9A105F}.Release|x64.ActiveCfg = Release|Any CPU
		{A4F0EBD6-7ADE-423E-BD4C-4A5F5A9A105F}.Release|x64.Build.0 = Release|Any CPU
		{A4F0EBD6-7ADE-423E-BD4C-4A5F5A9A105F}.Release|x86.ActiveCfg = Release|Any CPU
		{A4F0EBD6-7ADE-423E-BD4C-4A5F5A9A105F}.Release|x86.Build.0 = Release|Any CPU
		{98175319-87EE-4D60-91CC-BDD643CCF75A}.Debug|Any CPU.ActiveCfg = Debug|Any CPU
		{98175319-87EE-4D60-91CC-BDD643CCF75A}.Debug|Any CPU.Build.0 = Debug|Any CPU
		{98175319-87EE-4D60-91CC-BDD643CCF75A}.Debug|x64.ActiveCfg = Debug|Any CPU
		{98175319-87EE-4D60-91CC-BDD643CCF75A}.Debug|x64.Build.0 = Debug|Any CPU
		{98175319-87EE-4D60-91CC-BDD643CCF75A}.Debug|x86.ActiveCfg = Debug|Any CPU
		{98175319-87EE-4D60-91CC-BDD643CCF75A}.Debug|x86.Build.0 = Debug|Any CPU
		{98175319-87EE-4D60-91CC-BDD643CCF75A}.Release|Any CPU.ActiveCfg = Release|Any CPU
		{98175319-87EE-4D60-91CC-BDD643CCF75A}.Release|Any CPU.Build.0 = Release|Any CPU
		{98175319-87EE-4D60-91CC-BDD643CCF75A}.Release|x64.ActiveCfg = Release|Any CPU
		{98175319-87EE-4D60-91CC-BDD643CCF75A}.Release|x64.Build.0 = Release|Any CPU
		{98175319-87EE-4D60-91CC-BDD643CCF75A}.Release|x86.ActiveCfg = Release|Any CPU
		{98175319-87EE-4D60-91CC-BDD643CCF75A}.Release|x86.Build.0 = Release|Any CPU
		{74BE9B10-7F36-48DD-8824-DE752F33CA9D}.Debug|Any CPU.ActiveCfg = Debug|Any CPU
		{74BE9B10-7F36-48DD-8824-DE752F33CA9D}.Debug|Any CPU.Build.0 = Debug|Any CPU
		{74BE9B10-7F36-48DD-8824-DE752F33CA9D}.Debug|x64.ActiveCfg = Debug|Any CPU
		{74BE9B10-7F36-48DD-8824-DE752F33CA9D}.Debug|x64.Build.0 = Debug|Any CPU
		{74BE9B10-7F36-48DD-8824-DE752F33CA9D}.Debug|x86.ActiveCfg = Debug|Any CPU
		{74BE9B10-7F36-48DD-8824-DE752F33CA9D}.Debug|x86.Build.0 = Debug|Any CPU
		{74BE9B10-7F36-48DD-8824-DE752F33CA9D}.Release|Any CPU.ActiveCfg = Release|Any CPU
		{74BE9B10-7F36-48DD-8824-DE752F33CA9D}.Release|Any CPU.Build.0 = Release|Any CPU
		{74BE9B10-7F36-48DD-8824-DE752F33CA9D}.Release|x64.ActiveCfg = Release|Any CPU
		{74BE9B10-7F36-48DD-8824-DE752F33CA9D}.Release|x64.Build.0 = Release|Any CPU
		{74BE9B10-7F36-48DD-8824-DE752F33CA9D}.Release|x86.ActiveCfg = Release|Any CPU
		{74BE9B10-7F36-48DD-8824-DE752F33CA9D}.Release|x86.Build.0 = Release|Any CPU
	EndGlobalSection
	GlobalSection(SolutionProperties) = preSolution
		HideSolutionNode = FALSE
	EndGlobalSection
	GlobalSection(NestedProjects) = preSolution
		{CA652900-A686-47BF-BDC7-3FC1D61BA821} = {827E0CD3-B72D-47B6-A68D-7590B98EB39B}
		{EA9B2B48-890B-4BBF-A3AB-A52A9D96C068} = {827E0CD3-B72D-47B6-A68D-7590B98EB39B}
		{273E13AD-DC94-4065-8C80-DD407A6FD3B3} = {827E0CD3-B72D-47B6-A68D-7590B98EB39B}
		{32E34D41-4FBB-464C-9FAB-E5C4FF09B886} = {827E0CD3-B72D-47B6-A68D-7590B98EB39B}
		{F2BEAA0A-3C07-49AF-A3D7-8DF662722B9F} = {827E0CD3-B72D-47B6-A68D-7590B98EB39B}
		{223051B5-A40E-4DD7-B1CF-07DAA768CAC8} = {827E0CD3-B72D-47B6-A68D-7590B98EB39B}
		{A9CA4268-0CD8-4D58-8663-892CBB31E474} = {827E0CD3-B72D-47B6-A68D-7590B98EB39B}
		{F8586173-3799-4F90-9C4B-98D1F383937D} = {827E0CD3-B72D-47B6-A68D-7590B98EB39B}
		{94351717-6B86-4921-AF54-677CB388F4BA} = {827E0CD3-B72D-47B6-A68D-7590B98EB39B}
		{F65CB879-EE07-4886-9F7B-F7A8853FFCF0} = {0AB3BF05-4346-4AA6-1389-037BE0695223}
		{A5D087AE-20AB-4960-B242-8648F2F6541E} = {0AB3BF05-4346-4AA6-1389-037BE0695223}
		{7289D404-D67C-4806-9D9B-BDEEA320EBA4} = {0AB3BF05-4346-4AA6-1389-037BE0695223}
		{B7170169-C48E-47B2-BAB3-63D5A85CAC57} = {0AB3BF05-4346-4AA6-1389-037BE0695223}
		{18AFDC52-3EFD-47CC-80AC-F53D5957C7A7} = {827E0CD3-B72D-47B6-A68D-7590B98EB39B}
		{A5612825-A675-47CC-A702-178FB5721921} = {827E0CD3-B72D-47B6-A68D-7590B98EB39B}
		{2921B51A-D5EB-404E-B60C-F30E92122FA0} = {827E0CD3-B72D-47B6-A68D-7590B98EB39B}
		{B0753ABC-74DB-4542-B276-DC461768AE64} = {827E0CD3-B72D-47B6-A68D-7590B98EB39B}
		{B4D27C56-F171-4DF6-88EA-B9C79AB59B24} = {0AB3BF05-4346-4AA6-1389-037BE0695223}
		{C198B553-6302-4EA7-B8DA-B2DEEAE17748} = {827E0CD3-B72D-47B6-A68D-7590B98EB39B}
		{A4F0EBD6-7ADE-423E-BD4C-4A5F5A9A105F} = {827E0CD3-B72D-47B6-A68D-7590B98EB39B}
		{98175319-87EE-4D60-91CC-BDD643CCF75A} = {0AB3BF05-4346-4AA6-1389-037BE0695223}
		{74BE9B10-7F36-48DD-8824-DE752F33CA9D} = {827E0CD3-B72D-47B6-A68D-7590B98EB39B}
	EndGlobalSection
EndGlobal
